
Microsoft Visual Studio Solution File, Format Version 12.00
# Visual Studio Version 17
VisualStudioVersion = 17.6.33829.357
MinimumVisualStudioVersion = 10.0.40219.1
Project("{FAE04EC0-301F-11D3-BF4B-00C04F79EFBC}") = "WebApplication1", "WebApplication1\WebApplication1.csproj", "{950E0C5B-233F-42E6-9684-99EC85E9AB93}"
EndProject
Global
	GlobalSection(SolutionConfigurationPlatforms) = preSolution
		Debug|Any CPU = Debug|Any CPU
		Release|Any CPU = Release|Any CPU
	EndGlobalSection
	GlobalSection(ProjectConfigurationPlatforms) = postSolution
		{950E0C5B-233F-42E6-9684-99EC85E9AB93}.Debug|Any CPU.ActiveCfg = Debug|Any CPU
		{950E0C5B-233F-42E6-9684-99EC85E9AB93}.Debug|Any CPU.Build.0 = Debug|Any CPU
		{950E0C5B-233F-42E6-9684-99EC85E9AB93}.Release|Any CPU.ActiveCfg = Release|Any CPU
		{950E0C5B-233F-42E6-9684-99EC85E9AB93}.Release|Any CPU.Build.0 = Release|Any CPU
	EndGlobalSection
	GlobalSection(SolutionProperties) = preSolution
		HideSolutionNode = FALSE
	EndGlobalSection
	GlobalSection(ExtensibilityGlobals) = postSolution
		SolutionGuid = {FAC155ED-B958-4765-B198-6889B126A85F}
	EndGlobalSection
EndGlobal
